
Microsoft Visual Studio Solution File, Format Version 12.00
# Visual Studio Version 17
VisualStudioVersion = 17.14.36616.10 d17.14
MinimumVisualStudioVersion = 10.0.40219.1
Project("{FAE04EC0-301F-11D3-BF4B-00C04F79EFBC}") = "ITDCA-B44-Project-Tyger Valley Campus-EDUV4848998", "ITDCA-B44-Project-Tyger Valley Campus-EDUV4848998\ITDCA-B44-Project-Tyger Valley Campus-EDUV4848998.csproj", "{274438C4-CB19-4F45-9259-C58F3DCC0279}"
EndProject
Global
	GlobalSection(SolutionConfigurationPlatforms) = preSolution
		Debug|Any CPU = Debug|Any CPU
		Release|Any CPU = Release|Any CPU
	EndGlobalSection
	GlobalSection(ProjectConfigurationPlatforms) = postSolution
		{274438C4-CB19-4F45-9259-C58F3DCC0279}.Debug|Any CPU.ActiveCfg = Debug|Any CPU
		{274438C4-CB19-4F45-9259-C58F3DCC0279}.Debug|Any CPU.Build.0 = Debug|Any CPU
		{274438C4-CB19-4F45-9259-C58F3DCC0279}.Release|Any CPU.ActiveCfg = Release|Any CPU
		{274438C4-CB19-4F45-9259-C58F3DCC0279}.Release|Any CPU.Build.0 = Release|Any CPU
	EndGlobalSection
	GlobalSection(SolutionProperties) = preSolution
		HideSolutionNode = FALSE
	EndGlobalSection
	GlobalSection(ExtensibilityGlobals) = postSolution
		SolutionGuid = {CF13366C-74BA-46BF-9023-A2F803264FF5}
	EndGlobalSection
EndGlobal
